
Microsoft Visual Studio Solution File, Format Version 12.00
# Visual Studio Version 17
VisualStudioVersion = 17.0.31903.59
MinimumVisualStudioVersion = 10.0.40219.1
Project("{FAE04EC0-301F-11D3-BF4B-00C04F79EFBC}") = "PartyCli", "PartyCli\PartyCli.csproj", "{04E01629-C5B6-4F08-B8A5-08CF9C333B11}"
EndProject
Project("{FAE04EC0-301F-11D3-BF4B-00C04F79EFBC}") = "PartyCli.Tests", "PartyCli.Tests\PartyCli.Tests.csproj", "{82435E37-D300-4C2E-9390-78E51B0E3EDA}"
EndProject
Global
	GlobalSection(SolutionConfigurationPlatforms) = preSolution
		Debug|Any CPU = Debug|Any CPU
		Debug|x64 = Debug|x64
		Debug|x86 = Debug|x86
		Release|Any CPU = Release|Any CPU
		Release|x64 = Release|x64
		Release|x86 = Release|x86
	EndGlobalSection
	GlobalSection(ProjectConfigurationPlatforms) = postSolution
		{04E01629-C5B6-4F08-B8A5-08CF9C333B11}.Debug|Any CPU.ActiveCfg = Debug|Any CPU
		{04E01629-C5B6-4F08-B8A5-08CF9C333B11}.Debug|Any CPU.Build.0 = Debug|Any CPU
		{04E01629-C5B6-4F08-B8A5-08CF9C333B11}.Debug|x64.ActiveCfg = Debug|Any CPU
		{04E01629-C5B6-4F08-B8A5-08CF9C333B11}.Debug|x64.Build.0 = Debug|Any CPU
		{04E01629-C5B6-4F08-B8A5-08CF9C333B11}.Debug|x86.ActiveCfg = Debug|Any CPU
		{04E01629-C5B6-4F08-B8A5-08CF9C333B11}.Debug|x86.Build.0 = Debug|Any CPU
		{04E01629-C5B6-4F08-B8A5-08CF9C333B11}.Release|Any CPU.ActiveCfg = Release|Any CPU
		{04E01629-C5B6-4F08-B8A5-08CF9C333B11}.Release|Any CPU.Build.0 = Release|Any CPU
		{04E01629-C5B6-4F08-B8A5-08CF9C333B11}.Release|x64.ActiveCfg = Release|Any CPU
		{04E01629-C5B6-4F08-B8A5-08CF9C333B11}.Release|x64.Build.0 = Release|Any CPU
		{04E01629-C5B6-4F08-B8A5-08CF9C333B11}.Release|x86.ActiveCfg = Release|Any CPU
		{04E01629-C5B6-4F08-B8A5-08CF9C333B11}.Release|x86.Build.0 = Release|Any CPU
		{82435E37-D300-4C2E-9390-78E51B0E3EDA}.Debug|Any CPU.ActiveCfg = Debug|Any CPU
		{82435E37-D300-4C2E-9390-78E51B0E3EDA}.Debug|Any CPU.Build.0 = Debug|Any CPU
		{82435E37-D300-4C2E-9390-78E51B0E3EDA}.Debug|x64.ActiveCfg = Debug|Any CPU
		{82435E37-D300-4C2E-9390-78E51B0E3EDA}.Debug|x64.Build.0 = Debug|Any CPU
		{82435E37-D300-4C2E-9390-78E51B0E3EDA}.Debug|x86.ActiveCfg = Debug|Any CPU
		{82435E37-D300-4C2E-9390-78E51B0E3EDA}.Debug|x86.Build.0 = Debug|Any CPU
		{82435E37-D300-4C2E-9390-78E51B0E3EDA}.Release|Any CPU.ActiveCfg = Release|Any CPU
		{82435E37-D300-4C2E-9390-78E51B0E3EDA}.Release|Any CPU.Build.0 = Release|Any CPU
		{82435E37-D300-4C2E-9390-78E51B0E3EDA}.Release|x64.ActiveCfg = Release|Any CPU
		{82435E37-D300-4C2E-9390-78E51B0E3EDA}.Release|x64.Build.0 = Release|Any CPU
		{82435E37-D300-4C2E-9390-78E51B0E3EDA}.Release|x86.ActiveCfg = Release|Any CPU
		{82435E37-D300-4C2E-9390-78E51B0E3EDA}.Release|x86.Build.0 = Release|Any CPU
	EndGlobalSection
	GlobalSection(SolutionProperties) = preSolution
		HideSolutionNode = FALSE
	EndGlobalSection
EndGlobal
